// !$*UTF8*$!
{
	archiveVersion = 1;
	classes = {
	};
	objectVersion = 50;
	objects = {

/* Begin PBXBuildFile section */
		0E799FFA22023DB800251BD3 /* AppDelegate.swift in Sources */ = {isa = PBXBuildFile; fileRef = 0E799FF922023DB800251BD3 /* AppDelegate.swift */; };
		0E799FFC22023DB800251BD3 /* ViewController.swift in Sources */ = {isa = PBXBuildFile; fileRef = 0E799FFB22023DB800251BD3 /* ViewController.swift */; };
		0E799FFF22023DB800251BD3 /* Main.storyboard in Resources */ = {isa = PBXBuildFile; fileRef = 0E799FFD22023DB800251BD3 /* Main.storyboard */; };
		0E79A00122023DBA00251BD3 /* Assets.xcassets in Resources */ = {isa = PBXBuildFile; fileRef = 0E79A00022023DBA00251BD3 /* Assets.xcassets */; };
		0E79A00422023DBA00251BD3 /* LaunchScreen.storyboard in Resources */ = {isa = PBXBuildFile; fileRef = 0E79A00222023DBA00251BD3 /* LaunchScreen.storyboard */; };
		0E79A00F22023DBA00251BD3 /* DatFileReadingTests.swift in Sources */ = {isa = PBXBuildFile; fileRef = 0E79A00E22023DBA00251BD3 /* DatFileReadingTests.swift */; };
		0E79A0202202443E00251BD3 /* cities.json in Resources */ = {isa = PBXBuildFile; fileRef = 0E79A01F2202443E00251BD3 /* cities.json */; };
		0E79A0222202444C00251BD3 /* DataFile.swift in Sources */ = {isa = PBXBuildFile; fileRef = 0E79A0212202444C00251BD3 /* DataFile.swift */; };
		0E79A0232202449700251BD3 /* cities.json in Resources */ = {isa = PBXBuildFile; fileRef = 0E79A01F2202443E00251BD3 /* cities.json */; };
		0E79A026220245DF00251BD3 /* FileType.swift in Sources */ = {isa = PBXBuildFile; fileRef = 0E79A025220245DF00251BD3 /* FileType.swift */; };
		0E79A0282202474800251BD3 /* FileReadingError.swift in Sources */ = {isa = PBXBuildFile; fileRef = 0E79A0272202474800251BD3 /* FileReadingError.swift */; };
		0E79A0292202487200251BD3 /* FileType.swift in Sources */ = {isa = PBXBuildFile; fileRef = 0E79A025220245DF00251BD3 /* FileType.swift */; };
		0E79A02A2202487200251BD3 /* DataFile.swift in Sources */ = {isa = PBXBuildFile; fileRef = 0E79A0212202444C00251BD3 /* DataFile.swift */; };
		0E79A02B2202487200251BD3 /* FileReadingError.swift in Sources */ = {isa = PBXBuildFile; fileRef = 0E79A0272202474800251BD3 /* FileReadingError.swift */; };
		0E79A02E22024A1700251BD3 /* City.swift in Sources */ = {isa = PBXBuildFile; fileRef = 0E79A02D22024A1700251BD3 /* City.swift */; };
		0E79A03022024D2C00251BD3 /* Coordinate.swift in Sources */ = {isa = PBXBuildFile; fileRef = 0E79A02F22024D2C00251BD3 /* Coordinate.swift */; };
		0E79A03122024D2C00251BD3 /* Coordinate.swift in Sources */ = {isa = PBXBuildFile; fileRef = 0E79A02F22024D2C00251BD3 /* Coordinate.swift */; };
/* End PBXBuildFile section */

/* Begin PBXContainerItemProxy section */
		0E79A00B22023DBA00251BD3 /* PBXContainerItemProxy */ = {
			isa = PBXContainerItemProxy;
			containerPortal = 0E799FEE22023DB800251BD3 /* Project object */;
			proxyType = 1;
			remoteGlobalIDString = 0E799FF522023DB800251BD3;
			remoteInfo = maBackbase;
		};
/* End PBXContainerItemProxy section */

/* Begin PBXFileReference section */
		0E799FF622023DB800251BD3 /* maBackbase.app */ = {isa = PBXFileReference; explicitFileType = wrapper.application; includeInIndex = 0; path = maBackbase.app; sourceTree = BUILT_PRODUCTS_DIR; };
		0E799FF922023DB800251BD3 /* AppDelegate.swift */ = {isa = PBXFileReference; lastKnownFileType = sourcecode.swift; path = AppDelegate.swift; sourceTree = "<group>"; };
		0E799FFB22023DB800251BD3 /* ViewController.swift */ = {isa = PBXFileReference; lastKnownFileType = sourcecode.swift; path = ViewController.swift; sourceTree = "<group>"; };
		0E799FFE22023DB800251BD3 /* Base */ = {isa = PBXFileReference; lastKnownFileType = file.storyboard; name = Base; path = Base.lproj/Main.storyboard; sourceTree = "<group>"; };
		0E79A00022023DBA00251BD3 /* Assets.xcassets */ = {isa = PBXFileReference; lastKnownFileType = folder.assetcatalog; path = Assets.xcassets; sourceTree = "<group>"; };
		0E79A00322023DBA00251BD3 /* Base */ = {isa = PBXFileReference; lastKnownFileType = file.storyboard; name = Base; path = Base.lproj/LaunchScreen.storyboard; sourceTree = "<group>"; };
		0E79A00522023DBA00251BD3 /* Info.plist */ = {isa = PBXFileReference; lastKnownFileType = text.plist.xml; path = Info.plist; sourceTree = "<group>"; };
		0E79A00A22023DBA00251BD3 /* maBackbaseTests.xctest */ = {isa = PBXFileReference; explicitFileType = wrapper.cfbundle; includeInIndex = 0; path = maBackbaseTests.xctest; sourceTree = BUILT_PRODUCTS_DIR; };
		0E79A00E22023DBA00251BD3 /* DatFileReadingTests.swift */ = {isa = PBXFileReference; lastKnownFileType = sourcecode.swift; path = DatFileReadingTests.swift; sourceTree = "<group>"; };
		0E79A01022023DBA00251BD3 /* Info.plist */ = {isa = PBXFileReference; lastKnownFileType = text.plist.xml; path = Info.plist; sourceTree = "<group>"; };
		0E79A01E22023E8800251BD3 /* maBackbase.pdf */ = {isa = PBXFileReference; lastKnownFileType = image.pdf; path = maBackbase.pdf; sourceTree = "<group>"; };
		0E79A01F2202443E00251BD3 /* cities.json */ = {isa = PBXFileReference; fileEncoding = 4; lastKnownFileType = text.json; path = cities.json; sourceTree = "<group>"; };
		0E79A0212202444C00251BD3 /* DataFile.swift */ = {isa = PBXFileReference; lastKnownFileType = sourcecode.swift; path = DataFile.swift; sourceTree = "<group>"; };
		0E79A025220245DF00251BD3 /* FileType.swift */ = {isa = PBXFileReference; lastKnownFileType = sourcecode.swift; path = FileType.swift; sourceTree = "<group>"; };
		0E79A0272202474800251BD3 /* FileReadingError.swift */ = {isa = PBXFileReference; lastKnownFileType = sourcecode.swift; path = FileReadingError.swift; sourceTree = "<group>"; };
		0E79A02D22024A1700251BD3 /* City.swift */ = {isa = PBXFileReference; lastKnownFileType = sourcecode.swift; path = City.swift; sourceTree = "<group>"; };
		0E79A02F22024D2C00251BD3 /* Coordinate.swift */ = {isa = PBXFileReference; lastKnownFileType = sourcecode.swift; path = Coordinate.swift; sourceTree = "<group>"; };
/* End PBXFileReference section */

/* Begin PBXFrameworksBuildPhase section */
		0E799FF322023DB800251BD3 /* Frameworks */ = {
			isa = PBXFrameworksBuildPhase;
			buildActionMask = 2147483647;
			files = (
			);
			runOnlyForDeploymentPostprocessing = 0;
		};
		0E79A00722023DBA00251BD3 /* Frameworks */ = {
			isa = PBXFrameworksBuildPhase;
			buildActionMask = 2147483647;
			files = (
			);
			runOnlyForDeploymentPostprocessing = 0;
		};
/* End PBXFrameworksBuildPhase section */

/* Begin PBXGroup section */
		0E799FED22023DB800251BD3 = {
			isa = PBXGroup;
			children = (
				0E799FF822023DB800251BD3 /* maBackbase */,
				0E79A00D22023DBA00251BD3 /* maBackbaseTests */,
				0E79A01D22023E7400251BD3 /* Task */,
				0E799FF722023DB800251BD3 /* Products */,
			);
			sourceTree = "<group>";
		};
		0E799FF722023DB800251BD3 /* Products */ = {
			isa = PBXGroup;
			children = (
				0E799FF622023DB800251BD3 /* maBackbase.app */,
				0E79A00A22023DBA00251BD3 /* maBackbaseTests.xctest */,
			);
			name = Products;
			sourceTree = "<group>";
		};
		0E799FF822023DB800251BD3 /* maBackbase */ = {
			isa = PBXGroup;
			children = (
				0E79A02C22024A0F00251BD3 /* Objects */,
				0E79A01A22023DEE00251BD3 /* ViewControllers */,
				0E79A01C22023E6300251BD3 /* SupportedClasses */,
				0E79A01922023DDB00251BD3 /* Common */,
				0E79A03222024E0E00251BD3 /* Extensions */,
			);
			path = maBackbase;
			sourceTree = "<group>";
		};
		0E79A00D22023DBA00251BD3 /* maBackbaseTests */ = {
			isa = PBXGroup;
			children = (
				0E79A00E22023DBA00251BD3 /* DatFileReadingTests.swift */,
				0E79A01022023DBA00251BD3 /* Info.plist */,
			);
			path = maBackbaseTests;
			sourceTree = "<group>";
		};
		0E79A01922023DDB00251BD3 /* Common */ = {
			isa = PBXGroup;
			children = (
				0E79A01B22023E0000251BD3 /* Resources */,
				0E799FF922023DB800251BD3 /* AppDelegate.swift */,
				0E79A00222023DBA00251BD3 /* LaunchScreen.storyboard */,
				0E79A00522023DBA00251BD3 /* Info.plist */,
			);
			path = Common;
			sourceTree = "<group>";
		};
		0E79A01A22023DEE00251BD3 /* ViewControllers */ = {
			isa = PBXGroup;
			children = (
				0E799FFB22023DB800251BD3 /* ViewController.swift */,
				0E799FFD22023DB800251BD3 /* Main.storyboard */,
			);
			path = ViewControllers;
			sourceTree = "<group>";
		};
		0E79A01B22023E0000251BD3 /* Resources */ = {
			isa = PBXGroup;
			children = (
				0E79A00022023DBA00251BD3 /* Assets.xcassets */,
				0E79A01F2202443E00251BD3 /* cities.json */,
			);
			path = Resources;
			sourceTree = "<group>";
		};
		0E79A01C22023E6300251BD3 /* SupportedClasses */ = {
			isa = PBXGroup;
			children = (
				0E79A024220245D300251BD3 /* File */,
			);
			path = SupportedClasses;
			sourceTree = "<group>";
		};
		0E79A01D22023E7400251BD3 /* Task */ = {
			isa = PBXGroup;
			children = (
				0E79A01E22023E8800251BD3 /* maBackbase.pdf */,
			);
			path = Task;
			sourceTree = "<group>";
		};
		0E79A024220245D300251BD3 /* File */ = {
			isa = PBXGroup;
			children = (
				0E79A025220245DF00251BD3 /* FileType.swift */,
				0E79A0212202444C00251BD3 /* DataFile.swift */,
				0E79A0272202474800251BD3 /* FileReadingError.swift */,
			);
			path = File;
			sourceTree = "<group>";
		};
		0E79A02C22024A0F00251BD3 /* Objects */ = {
			isa = PBXGroup;
			children = (
				0E79A02F22024D2C00251BD3 /* Coordinate.swift */,
				0E79A02D22024A1700251BD3 /* City.swift */,
			);
			path = Objects;
			sourceTree = "<group>";
		};
		0E79A03222024E0E00251BD3 /* Extensions */ = {
			isa = PBXGroup;
			children = (
			);
			path = Extensions;
			sourceTree = "<group>";
		};
/* End PBXGroup section */

/* Begin PBXNativeTarget section */
		0E799FF522023DB800251BD3 /* maBackbase */ = {
			isa = PBXNativeTarget;
			buildConfigurationList = 0E79A01322023DBA00251BD3 /* Build configuration list for PBXNativeTarget "maBackbase" */;
			buildPhases = (
				0E799FF222023DB800251BD3 /* Sources */,
				0E799FF322023DB800251BD3 /* Frameworks */,
				0E799FF422023DB800251BD3 /* Resources */,
			);
			buildRules = (
			);
			dependencies = (
			);
			name = maBackbase;
			productName = maBackbase;
			productReference = 0E799FF622023DB800251BD3 /* maBackbase.app */;
			productType = "com.apple.product-type.application";
		};
		0E79A00922023DBA00251BD3 /* maBackbaseTests */ = {
			isa = PBXNativeTarget;
			buildConfigurationList = 0E79A01622023DBA00251BD3 /* Build configuration list for PBXNativeTarget "maBackbaseTests" */;
			buildPhases = (
				0E79A00622023DBA00251BD3 /* Sources */,
				0E79A00722023DBA00251BD3 /* Frameworks */,
				0E79A00822023DBA00251BD3 /* Resources */,
			);
			buildRules = (
			);
			dependencies = (
				0E79A00C22023DBA00251BD3 /* PBXTargetDependency */,
			);
			name = maBackbaseTests;
			productName = maBackbaseTests;
			productReference = 0E79A00A22023DBA00251BD3 /* maBackbaseTests.xctest */;
			productType = "com.apple.product-type.bundle.unit-test";
		};
/* End PBXNativeTarget section */

/* Begin PBXProject section */
		0E799FEE22023DB800251BD3 /* Project object */ = {
			isa = PBXProject;
			attributes = {
				LastSwiftUpdateCheck = 1010;
				LastUpgradeCheck = 1010;
				ORGANIZATIONNAME = "- present";
				TargetAttributes = {
					0E799FF522023DB800251BD3 = {
						CreatedOnToolsVersion = 10.1;
					};
					0E79A00922023DBA00251BD3 = {
						CreatedOnToolsVersion = 10.1;
					};
				};
			};
			buildConfigurationList = 0E799FF122023DB800251BD3 /* Build configuration list for PBXProject "maBackbase" */;
			compatibilityVersion = "Xcode 9.3";
			developmentRegion = en;
			hasScannedForEncodings = 0;
			knownRegions = (
				en,
				Base,
			);
			mainGroup = 0E799FED22023DB800251BD3;
			productRefGroup = 0E799FF722023DB800251BD3 /* Products */;
			projectDirPath = "";
			projectRoot = "";
			targets = (
				0E799FF522023DB800251BD3 /* maBackbase */,
				0E79A00922023DBA00251BD3 /* maBackbaseTests */,
			);
		};
/* End PBXProject section */

/* Begin PBXResourcesBuildPhase section */
		0E799FF422023DB800251BD3 /* Resources */ = {
			isa = PBXResourcesBuildPhase;
			buildActionMask = 2147483647;
			files = (
				0E79A0202202443E00251BD3 /* cities.json in Resources */,
				0E79A00422023DBA00251BD3 /* LaunchScreen.storyboard in Resources */,
				0E79A00122023DBA00251BD3 /* Assets.xcassets in Resources */,
				0E799FFF22023DB800251BD3 /* Main.storyboard in Resources */,
			);
			runOnlyForDeploymentPostprocessing = 0;
		};
		0E79A00822023DBA00251BD3 /* Resources */ = {
			isa = PBXResourcesBuildPhase;
			buildActionMask = 2147483647;
			files = (
				0E79A0232202449700251BD3 /* cities.json in Resources */,
			);
			runOnlyForDeploymentPostprocessing = 0;
		};
/* End PBXResourcesBuildPhase section */

/* Begin PBXSourcesBuildPhase section */
		0E799FF222023DB800251BD3 /* Sources */ = {
			isa = PBXSourcesBuildPhase;
			buildActionMask = 2147483647;
			files = (
				0E79A03022024D2C00251BD3 /* Coordinate.swift in Sources */,
				0E79A0222202444C00251BD3 /* DataFile.swift in Sources */,
				0E799FFC22023DB800251BD3 /* ViewController.swift in Sources */,
				0E79A02E22024A1700251BD3 /* City.swift in Sources */,
				0E799FFA22023DB800251BD3 /* AppDelegate.swift in Sources */,
				0E79A0282202474800251BD3 /* FileReadingError.swift in Sources */,
				0E79A026220245DF00251BD3 /* FileType.swift in Sources */,
			);
			runOnlyForDeploymentPostprocessing = 0;
		};
		0E79A00622023DBA00251BD3 /* Sources */ = {
			isa = PBXSourcesBuildPhase;
			buildActionMask = 2147483647;
			files = (
				0E79A02A2202487200251BD3 /* DataFile.swift in Sources */,
				0E79A02B2202487200251BD3 /* FileReadingError.swift in Sources */,
				0E79A00F22023DBA00251BD3 /* DatFileReadingTests.swift in Sources */,
				0E79A0292202487200251BD3 /* FileType.swift in Sources */,
				0E79A03122024D2C00251BD3 /* Coordinate.swift in Sources */,
			);
			runOnlyForDeploymentPostprocessing = 0;
		};
/* End PBXSourcesBuildPhase section */

/* Begin PBXTargetDependency section */
		0E79A00C22023DBA00251BD3 /* PBXTargetDependency */ = {
			isa = PBXTargetDependency;
			target = 0E799FF522023DB800251BD3 /* maBackbase */;
			targetProxy = 0E79A00B22023DBA00251BD3 /* PBXContainerItemProxy */;
		};
/* End PBXTargetDependency section */

/* Begin PBXVariantGroup section */
		0E799FFD22023DB800251BD3 /* Main.storyboard */ = {
			isa = PBXVariantGroup;
			children = (
				0E799FFE22023DB800251BD3 /* Base */,
			);
			name = Main.storyboard;
			sourceTree = "<group>";
		};
		0E79A00222023DBA00251BD3 /* LaunchScreen.storyboard */ = {
			isa = PBXVariantGroup;
			children = (
				0E79A00322023DBA00251BD3 /* Base */,
			);
			name = LaunchScreen.storyboard;
			sourceTree = "<group>";
		};
/* End PBXVariantGroup section */

/* Begin XCBuildConfiguration section */
		0E79A01122023DBA00251BD3 /* Debug */ = {
			isa = XCBuildConfiguration;
			buildSettings = {
				ALWAYS_SEARCH_USER_PATHS = NO;
				CLANG_ANALYZER_NONNULL = YES;
				CLANG_ANALYZER_NUMBER_OBJECT_CONVERSION = YES_AGGRESSIVE;
				CLANG_CXX_LANGUAGE_STANDARD = "gnu++14";
				CLANG_CXX_LIBRARY = "libc++";
				CLANG_ENABLE_MODULES = YES;
				CLANG_ENABLE_OBJC_ARC = YES;
				CLANG_ENABLE_OBJC_WEAK = YES;
				CLANG_WARN_BLOCK_CAPTURE_AUTORELEASING = YES;
				CLANG_WARN_BOOL_CONVERSION = YES;
				CLANG_WARN_COMMA = YES;
				CLANG_WARN_CONSTANT_CONVERSION = YES;
				CLANG_WARN_DEPRECATED_OBJC_IMPLEMENTATIONS = YES;
				CLANG_WARN_DIRECT_OBJC_ISA_USAGE = YES_ERROR;
				CLANG_WARN_DOCUMENTATION_COMMENTS = YES;
				CLANG_WARN_EMPTY_BODY = YES;
				CLANG_WARN_ENUM_CONVERSION = YES;
				CLANG_WARN_INFINITE_RECURSION = YES;
				CLANG_WARN_INT_CONVERSION = YES;
				CLANG_WARN_NON_LITERAL_NULL_CONVERSION = YES;
				CLANG_WARN_OBJC_IMPLICIT_RETAIN_SELF = YES;
				CLANG_WARN_OBJC_LITERAL_CONVERSION = YES;
				CLANG_WARN_OBJC_ROOT_CLASS = YES_ERROR;
				CLANG_WARN_RANGE_LOOP_ANALYSIS = YES;
				CLANG_WARN_STRICT_PROTOTYPES = YES;
				CLANG_WARN_SUSPICIOUS_MOVE = YES;
				CLANG_WARN_UNGUARDED_AVAILABILITY = YES_AGGRESSIVE;
				CLANG_WARN_UNREACHABLE_CODE = YES;
				CLANG_WARN__DUPLICATE_METHOD_MATCH = YES;
				CODE_SIGN_IDENTITY = "iPhone Developer";
				COPY_PHASE_STRIP = NO;
				DEBUG_INFORMATION_FORMAT = dwarf;
				ENABLE_STRICT_OBJC_MSGSEND = YES;
				ENABLE_TESTABILITY = YES;
				GCC_C_LANGUAGE_STANDARD = gnu11;
				GCC_DYNAMIC_NO_PIC = NO;
				GCC_NO_COMMON_BLOCKS = YES;
				GCC_OPTIMIZATION_LEVEL = 0;
				GCC_PREPROCESSOR_DEFINITIONS = (
					"DEBUG=1",
					"$(inherited)",
				);
				GCC_WARN_64_TO_32_BIT_CONVERSION = YES;
				GCC_WARN_ABOUT_RETURN_TYPE = YES_ERROR;
				GCC_WARN_UNDECLARED_SELECTOR = YES;
				GCC_WARN_UNINITIALIZED_AUTOS = YES_AGGRESSIVE;
				GCC_WARN_UNUSED_FUNCTION = YES;
				GCC_WARN_UNUSED_VARIABLE = YES;
				IPHONEOS_DEPLOYMENT_TARGET = 12.1;
				MTL_ENABLE_DEBUG_INFO = INCLUDE_SOURCE;
				MTL_FAST_MATH = YES;
				ONLY_ACTIVE_ARCH = YES;
				SDKROOT = iphoneos;
				SWIFT_ACTIVE_COMPILATION_CONDITIONS = DEBUG;
				SWIFT_OPTIMIZATION_LEVEL = "-Onone";
			};
			name = Debug;
		};
		0E79A01222023DBA00251BD3 /* Release */ = {
			isa = XCBuildConfiguration;
			buildSettings = {
				ALWAYS_SEARCH_USER_PATHS = NO;
				CLANG_ANALYZER_NONNULL = YES;
				CLANG_ANALYZER_NUMBER_OBJECT_CONVERSION = YES_AGGRESSIVE;
				CLANG_CXX_LANGUAGE_STANDARD = "gnu++14";
				CLANG_CXX_LIBRARY = "libc++";
				CLANG_ENABLE_MODULES = YES;
				CLANG_ENABLE_OBJC_ARC = YES;
				CLANG_ENABLE_OBJC_WEAK = YES;
				CLANG_WARN_BLOCK_CAPTURE_AUTORELEASING = YES;
				CLANG_WARN_BOOL_CONVERSION = YES;
				CLANG_WARN_COMMA = YES;
				CLANG_WARN_CONSTANT_CONVERSION = YES;
				CLANG_WARN_DEPRECATED_OBJC_IMPLEMENTATIONS = YES;
				CLANG_WARN_DIRECT_OBJC_ISA_USAGE = YES_ERROR;
				CLANG_WARN_DOCUMENTATION_COMMENTS = YES;
				CLANG_WARN_EMPTY_BODY = YES;
				CLANG_WARN_ENUM_CONVERSION = YES;
				CLANG_WARN_INFINITE_RECURSION = YES;
				CLANG_WARN_INT_CONVERSION = YES;
				CLANG_WARN_NON_LITERAL_NULL_CONVERSION = YES;
				CLANG_WARN_OBJC_IMPLICIT_RETAIN_SELF = YES;
				CLANG_WARN_OBJC_LITERAL_CONVERSION = YES;
				CLANG_WARN_OBJC_ROOT_CLASS = YES_ERROR;
				CLANG_WARN_RANGE_LOOP_ANALYSIS = YES;
				CLANG_WARN_STRICT_PROTOTYPES = YES;
				CLANG_WARN_SUSPICIOUS_MOVE = YES;
				CLANG_WARN_UNGUARDED_AVAILABILITY = YES_AGGRESSIVE;
				CLANG_WARN_UNREACHABLE_CODE = YES;
				CLANG_WARN__DUPLICATE_METHOD_MATCH = YES;
				CODE_SIGN_IDENTITY = "iPhone Developer";
				COPY_PHASE_STRIP = NO;
				DEBUG_INFORMATION_FORMAT = "dwarf-with-dsym";
				ENABLE_NS_ASSERTIONS = NO;
				ENABLE_STRICT_OBJC_MSGSEND = YES;
				GCC_C_LANGUAGE_STANDARD = gnu11;
				GCC_NO_COMMON_BLOCKS = YES;
				GCC_WARN_64_TO_32_BIT_CONVERSION = YES;
				GCC_WARN_ABOUT_RETURN_TYPE = YES_ERROR;
				GCC_WARN_UNDECLARED_SELECTOR = YES;
				GCC_WARN_UNINITIALIZED_AUTOS = YES_AGGRESSIVE;
				GCC_WARN_UNUSED_FUNCTION = YES;
				GCC_WARN_UNUSED_VARIABLE = YES;
				IPHONEOS_DEPLOYMENT_TARGET = 12.1;
				MTL_ENABLE_DEBUG_INFO = NO;
				MTL_FAST_MATH = YES;
				SDKROOT = iphoneos;
				SWIFT_COMPILATION_MODE = wholemodule;
				SWIFT_OPTIMIZATION_LEVEL = "-O";
				VALIDATE_PRODUCT = YES;
			};
			name = Release;
		};
		0E79A01422023DBA00251BD3 /* Debug */ = {
			isa = XCBuildConfiguration;
			buildSettings = {
				ASSETCATALOG_COMPILER_APPICON_NAME = AppIcon;
				CODE_SIGN_STYLE = Automatic;
				DEVELOPMENT_TEAM = 2BX58Y28PC;
				INFOPLIST_FILE = "$(SRCROOT)/maBackbase/Common/Info.plist";
				IPHONEOS_DEPLOYMENT_TARGET = 10.0;
				LD_RUNPATH_SEARCH_PATHS = (
					"$(inherited)",
					"@executable_path/Frameworks",
				);
				PRODUCT_BUNDLE_IDENTIFIER = com.yelepha.maBackbase;
				PRODUCT_NAME = "$(TARGET_NAME)";
				SWIFT_VERSION = 4.2;
				TARGETED_DEVICE_FAMILY = "1,2";
			};
			name = Debug;
		};
		0E79A01522023DBA00251BD3 /* Release */ = {
			isa = XCBuildConfiguration;
			buildSettings = {
				ASSETCATALOG_COMPILER_APPICON_NAME = AppIcon;
				CODE_SIGN_STYLE = Automatic;
				DEVELOPMENT_TEAM = 2BX58Y28PC;
				INFOPLIST_FILE = "$(SRCROOT)/maBackbase/Common/Info.plist";
				IPHONEOS_DEPLOYMENT_TARGET = 10.0;
				LD_RUNPATH_SEARCH_PATHS = (
					"$(inherited)",
					"@executable_path/Frameworks",
				);
				PRODUCT_BUNDLE_IDENTIFIER = com.yelepha.maBackbase;
				PRODUCT_NAME = "$(TARGET_NAME)";
				SWIFT_VERSION = 4.2;
				TARGETED_DEVICE_FAMILY = "1,2";
			};
			name = Release;
		};
		0E79A01722023DBA00251BD3 /* Debug */ = {
			isa = XCBuildConfiguration;
			buildSettings = {
				ALWAYS_EMBED_SWIFT_STANDARD_LIBRARIES = YES;
				CODE_SIGN_STYLE = Automatic;
				DEVELOPMENT_TEAM = 2BX58Y28PC;
				INFOPLIST_FILE = maBackbaseTests/Info.plist;
				LD_RUNPATH_SEARCH_PATHS = (
					"$(inherited)",
					"@executable_path/Frameworks",
					"@loader_path/Frameworks",
				);
				PRODUCT_BUNDLE_IDENTIFIER = com.yelepha.echo.maBackbaseTests;
				PRODUCT_NAME = "$(TARGET_NAME)";
				SWIFT_VERSION = 4.2;
				TARGETED_DEVICE_FAMILY = "1,2";
			};
			name = Debug;
		};
		0E79A01822023DBA00251BD3 /* Release */ = {
			isa = XCBuildConfiguration;
			buildSettings = {
				ALWAYS_EMBED_SWIFT_STANDARD_LIBRARIES = YES;
				CODE_SIGN_STYLE = Automatic;
				DEVELOPMENT_TEAM = 2BX58Y28PC;
				INFOPLIST_FILE = maBackbaseTests/Info.plist;
				LD_RUNPATH_SEARCH_PATHS = (
					"$(inherited)",
					"@executable_path/Frameworks",
					"@loader_path/Frameworks",
				);
				PRODUCT_BUNDLE_IDENTIFIER = com.yelepha.echo.maBackbaseTests;
				PRODUCT_NAME = "$(TARGET_NAME)";
				SWIFT_VERSION = 4.2;
				TARGETED_DEVICE_FAMILY = "1,2";
			};
			name = Release;
		};
/* End XCBuildConfiguration section */

/* Begin XCConfigurationList section */
		0E799FF122023DB800251BD3 /* Build configuration list for PBXProject "maBackbase" */ = {
			isa = XCConfigurationList;
			buildConfigurations = (
				0E79A01122023DBA00251BD3 /* Debug */,
				0E79A01222023DBA00251BD3 /* Release */,
			);
			defaultConfigurationIsVisible = 0;
			defaultConfigurationName = Release;
		};
		0E79A01322023DBA00251BD3 /* Build configuration list for PBXNativeTarget "maBackbase" */ = {
			isa = XCConfigurationList;
			buildConfigurations = (
				0E79A01422023DBA00251BD3 /* Debug */,
				0E79A01522023DBA00251BD3 /* Release */,
			);
			defaultConfigurationIsVisible = 0;
			defaultConfigurationName = Release;
		};
		0E79A01622023DBA00251BD3 /* Build configuration list for PBXNativeTarget "maBackbaseTests" */ = {
			isa = XCConfigurationList;
			buildConfigurations = (
				0E79A01722023DBA00251BD3 /* Debug */,
				0E79A01822023DBA00251BD3 /* Release */,
			);
			defaultConfigurationIsVisible = 0;
			defaultConfigurationName = Release;
		};
/* End XCConfigurationList section */
	};
	rootObject = 0E799FEE22023DB800251BD3 /* Project object */;
}
